
Microsoft Visual Studio Solution File, Format Version 12.00
# Visual Studio 2012
Project("{D954291E-2A0B-460D-934E-DC6B0785DB48}") = "shoppe", "shoppe\shoppe.shproj", "{7CB6F7AC-0D22-467B-BC20-84A875474E97}"
EndProject
Project("{FAE04EC0-301F-11D3-BF4B-00C04F79EFBC}") = "shoppe.iOS", "iOS\shoppe.iOS.csproj", "{8606B2E2-ED7B-4BF9-AD2E-B64335101831}"
EndProject
Project("{FAE04EC0-301F-11D3-BF4B-00C04F79EFBC}") = "shoppe.Droid", "Droid\shoppe.Droid.csproj", "{63B3F4C7-E56B-426B-9BEF-0D2E6C88B91E}"
EndProject
Project("{FAE04EC0-301F-11D3-BF4B-00C04F79EFBC}") = "shoppe.MobileAppService", "MobileAppService\shoppe.MobileAppService.csproj", "{CD533105-0BFD-44F8-8C8E-88007564E468}"
EndProject
Global
	GlobalSection(SolutionConfigurationPlatforms) = preSolution
		Debug|iPhoneSimulator = Debug|iPhoneSimulator
		Release|iPhone = Release|iPhone
		Release|iPhoneSimulator = Release|iPhoneSimulator
		Debug|iPhone = Debug|iPhone
		Debug|Any CPU = Debug|Any CPU
		Release|Any CPU = Release|Any CPU
	EndGlobalSection
	GlobalSection(ProjectConfigurationPlatforms) = postSolution
		{8606B2E2-ED7B-4BF9-AD2E-B64335101831}.Debug|iPhoneSimulator.ActiveCfg = Debug|iPhoneSimulator
		{8606B2E2-ED7B-4BF9-AD2E-B64335101831}.Debug|iPhoneSimulator.Build.0 = Debug|iPhoneSimulator
		{8606B2E2-ED7B-4BF9-AD2E-B64335101831}.Release|iPhone.ActiveCfg = Release|iPhone
		{8606B2E2-ED7B-4BF9-AD2E-B64335101831}.Release|iPhone.Build.0 = Release|iPhone
		{8606B2E2-ED7B-4BF9-AD2E-B64335101831}.Release|iPhoneSimulator.ActiveCfg = Release|iPhoneSimulator
		{8606B2E2-ED7B-4BF9-AD2E-B64335101831}.Release|iPhoneSimulator.Build.0 = Release|iPhoneSimulator
		{8606B2E2-ED7B-4BF9-AD2E-B64335101831}.Debug|iPhone.ActiveCfg = Debug|iPhone
		{8606B2E2-ED7B-4BF9-AD2E-B64335101831}.Debug|iPhone.Build.0 = Debug|iPhone
		{8606B2E2-ED7B-4BF9-AD2E-B64335101831}.Debug|Any CPU.ActiveCfg = Debug|iPhoneSimulator
		{8606B2E2-ED7B-4BF9-AD2E-B64335101831}.Debug|Any CPU.Build.0 = Debug|iPhoneSimulator
		{8606B2E2-ED7B-4BF9-AD2E-B64335101831}.Release|Any CPU.ActiveCfg = Release|iPhone
		{8606B2E2-ED7B-4BF9-AD2E-B64335101831}.Release|Any CPU.Build.0 = Release|iPhone
		{63B3F4C7-E56B-426B-9BEF-0D2E6C88B91E}.Debug|iPhoneSimulator.ActiveCfg = Debug|Any CPU
		{63B3F4C7-E56B-426B-9BEF-0D2E6C88B91E}.Debug|iPhoneSimulator.Build.0 = Debug|Any CPU
		{63B3F4C7-E56B-426B-9BEF-0D2E6C88B91E}.Release|iPhone.ActiveCfg = Release|Any CPU
		{63B3F4C7-E56B-426B-9BEF-0D2E6C88B91E}.Release|iPhone.Build.0 = Release|Any CPU
		{63B3F4C7-E56B-426B-9BEF-0D2E6C88B91E}.Release|iPhoneSimulator.ActiveCfg = Release|Any CPU
		{63B3F4C7-E56B-426B-9BEF-0D2E6C88B91E}.Release|iPhoneSimulator.Build.0 = Release|Any CPU
		{63B3F4C7-E56B-426B-9BEF-0D2E6C88B91E}.Debug|iPhone.ActiveCfg = Debug|Any CPU
		{63B3F4C7-E56B-426B-9BEF-0D2E6C88B91E}.Debug|iPhone.Build.0 = Debug|Any CPU
		{63B3F4C7-E56B-426B-9BEF-0D2E6C88B91E}.Debug|Any CPU.ActiveCfg = Debug|Any CPU
		{63B3F4C7-E56B-426B-9BEF-0D2E6C88B91E}.Debug|Any CPU.Build.0 = Debug|Any CPU
		{63B3F4C7-E56B-426B-9BEF-0D2E6C88B91E}.Release|Any CPU.ActiveCfg = Release|Any CPU
		{63B3F4C7-E56B-426B-9BEF-0D2E6C88B91E}.Release|Any CPU.Build.0 = Release|Any CPU
		{CD533105-0BFD-44F8-8C8E-88007564E468}.Debug|iPhoneSimulator.ActiveCfg = Debug|Any CPU
		{CD533105-0BFD-44F8-8C8E-88007564E468}.Debug|iPhoneSimulator.Build.0 = Debug|Any CPU
		{CD533105-0BFD-44F8-8C8E-88007564E468}.Release|iPhone.ActiveCfg = Release|Any CPU
		{CD533105-0BFD-44F8-8C8E-88007564E468}.Release|iPhone.Build.0 = Release|Any CPU
		{CD533105-0BFD-44F8-8C8E-88007564E468}.Release|iPhoneSimulator.ActiveCfg = Release|Any CPU
		{CD533105-0BFD-44F8-8C8E-88007564E468}.Release|iPhoneSimulator.Build.0 = Release|Any CPU
		{CD533105-0BFD-44F8-8C8E-88007564E468}.Debug|iPhone.ActiveCfg = Debug|Any CPU
		{CD533105-0BFD-44F8-8C8E-88007564E468}.Debug|iPhone.Build.0 = Debug|Any CPU
		{CD533105-0BFD-44F8-8C8E-88007564E468}.Debug|Any CPU.ActiveCfg = Debug|Any CPU
		{CD533105-0BFD-44F8-8C8E-88007564E468}.Debug|Any CPU.Build.0 = Debug|Any CPU
		{CD533105-0BFD-44F8-8C8E-88007564E468}.Release|Any CPU.ActiveCfg = Release|Any CPU
		{CD533105-0BFD-44F8-8C8E-88007564E468}.Release|Any CPU.Build.0 = Release|Any CPU
	EndGlobalSection
EndGlobal
